{
  "name": "shoppingcart_it",
  "lockfileVersion": 2,
  "requires": true,
  "packages": {
    "": {
      "dependencies": {
        "lib": "^4.3.3",
        "nvm": "^0.0.4",
        "playwright": "^1.27.1",
        "ts": "^0.0.0"
      },
      "devDependencies": {
        "@playwright/test": "^1.27.1"
      }
    },
    "node_modules/@playwright/test": {
      "version": "1.27.1",
      "resolved": "https://registry.npmjs.org/@playwright/test/-/test-1.27.1.tgz",
      "integrity": "sha512-mrL2q0an/7tVqniQQF6RBL2saskjljXzqNcCOVMUjRIgE6Y38nCNaP+Dc2FBW06bcpD3tqIws/HT9qiMHbNU0A==",
      "dev": true,
      "dependencies": {
        "@types/node": "*",
        "playwright-core": "1.27.1"
      },
      "bin": {
        "playwright": "cli.js"
      },
      "engines": {
        "node": ">=14"
      }
    },
    "node_modules/@types/node": {
      "version": "18.11.0",
      "resolved": "https://registry.npmjs.org/@types/node/-/node-18.11.0.tgz",
      "integrity": "sha512-IOXCvVRToe7e0ny7HpT/X9Rb2RYtElG1a+VshjwT00HxrM2dWBApHQoqsI6WiY7Q03vdf2bCrIGzVrkF/5t10w==",
      "dev": true
    },
    "node_modules/lib": {
      "version": "4.3.3",
      "resolved": "https://registry.npmjs.org/lib/-/lib-4.3.3.tgz",
      "integrity": "sha512-5ZIjwJvbfVJjbu0BTpfkqJrQ2ykXzo+XRFkHkTPHGpAPNS9vWwhLn1caQsedTKXmQ2U9gKYFSAlfjAXdXuWBjA==",
      "engines": {
        "node": ">=4.0.0"
      }
    },
    "node_modules/nvm": {
      "version": "0.0.4",
      "resolved": "https://registry.npmjs.org/nvm/-/nvm-0.0.4.tgz",
      "integrity": "sha512-jvmyELykYcdyd0VCGY0E8Aqe5MngEasVvlPvrcJHbwBMUbVqa72mPdQuPzyTcykEtEx7jDrMY0QA5MoV+8EhgA==",
      "deprecated": "This is NOT the correct nvm. Visit https://nvm.sh and use the curl command to install it.",
      "bin": {
        "nvm": "bin/nvm"
      }
    },
    "node_modules/playwright": {
      "version": "1.27.1",
      "resolved": "https://registry.npmjs.org/playwright/-/playwright-1.27.1.tgz",
      "integrity": "sha512-xXYZ7m36yTtC+oFgqH0eTgullGztKSRMb4yuwLPl8IYSmgBM88QiB+3IWb1mRIC9/NNwcgbG0RwtFlg+EAFQHQ==",
      "hasInstallScript": true,
      "dependencies": {
        "playwright-core": "1.27.1"
      },
      "bin": {
        "playwright": "cli.js"
      },
      "engines": {
        "node": ">=14"
      }
    },
    "node_modules/playwright-core": {
      "version": "1.27.1",
      "resolved": "https://registry.npmjs.org/playwright-core/-/playwright-core-1.27.1.tgz",
      "integrity": "sha512-9EmeXDncC2Pmp/z+teoVYlvmPWUC6ejSSYZUln7YaP89Z6lpAaiaAnqroUt/BoLo8tn7WYShcfaCh+xofZa44Q==",
      "bin": {
        "playwright": "cli.js"
      },
      "engines": {
        "node": ">=14"
      }
    },
    "node_modules/span": {
      "version": "0.0.6",
      "resolved": "https://registry.npmjs.org/span/-/span-0.0.6.tgz",
      "integrity": "sha512-/pDaxDE8jcMP8lRgarab5cirykIZHN0+HyoEq/iU+pUXhwBkcNhRSW3oERFqDE+ZNQyR3tkWJGVNyQn7yLf+Ew=="
    },
    "node_modules/ts": {
      "version": "0.0.0",
      "resolved": "https://registry.npmjs.org/ts/-/ts-0.0.0.tgz",
      "integrity": "sha512-vbXOvciZMgKrKHDVhYXc8X/jOwofDtRG0dB8Hf8GNawe3mmw+zgXZRjKpz89eJrZdPvM+uRM+WfCJf6KBsCfbQ==",
      "dependencies": {
        "span": "~0.0.5"
      },
      "bin": {
        "ts": "bin/ts.js"
      }
    }
  },
  "dependencies": {
    "@playwright/test": {
      "version": "1.27.1",
      "resolved": "https://registry.npmjs.org/@playwright/test/-/test-1.27.1.tgz",
      "integrity": "sha512-mrL2q0an/7tVqniQQF6RBL2saskjljXzqNcCOVMUjRIgE6Y38nCNaP+Dc2FBW06bcpD3tqIws/HT9qiMHbNU0A==",
      "dev": true,
      "requires": {
        "@types/node": "*",
        "playwright-core": "1.27.1"
      }
    },
    "@types/node": {
      "version": "18.11.0",
      "resolved": "https://registry.npmjs.org/@types/node/-/node-18.11.0.tgz",
      "integrity": "sha512-IOXCvVRToe7e0ny7HpT/X9Rb2RYtElG1a+VshjwT00HxrM2dWBApHQoqsI6WiY7Q03vdf2bCrIGzVrkF/5t10w==",
      "dev": true
    },
    "lib": {
      "version": "4.3.3",
      "resolved": "https://registry.npmjs.org/lib/-/lib-4.3.3.tgz",
      "integrity": "sha512-5ZIjwJvbfVJjbu0BTpfkqJrQ2ykXzo+XRFkHkTPHGpAPNS9vWwhLn1caQsedTKXmQ2U9gKYFSAlfjAXdXuWBjA=="
    },
    "nvm": {
      "version": "0.0.4",
      "resolved": "https://registry.npmjs.org/nvm/-/nvm-0.0.4.tgz",
      "integrity": "sha512-jvmyELykYcdyd0VCGY0E8Aqe5MngEasVvlPvrcJHbwBMUbVqa72mPdQuPzyTcykEtEx7jDrMY0QA5MoV+8EhgA=="
    },
    "playwright": {
      "version": "1.27.1",
      "resolved": "https://registry.npmjs.org/playwright/-/playwright-1.27.1.tgz",
      "integrity": "sha512-xXYZ7m36yTtC+oFgqH0eTgullGztKSRMb4yuwLPl8IYSmgBM88QiB+3IWb1mRIC9/NNwcgbG0RwtFlg+EAFQHQ==",
      "requires": {
        "playwright-core": "1.27.1"
      }
    },
    "playwright-core": {
      "version": "1.27.1",
      "resolved": "https://registry.npmjs.org/playwright-core/-/playwright-core-1.27.1.tgz",
      "integrity": "sha512-9EmeXDncC2Pmp/z+teoVYlvmPWUC6ejSSYZUln7YaP89Z6lpAaiaAnqroUt/BoLo8tn7WYShcfaCh+xofZa44Q=="
    },
    "span": {
      "version": "0.0.6",
      "resolved": "https://registry.npmjs.org/span/-/span-0.0.6.tgz",
      "integrity": "sha512-/pDaxDE8jcMP8lRgarab5cirykIZHN0+HyoEq/iU+pUXhwBkcNhRSW3oERFqDE+ZNQyR3tkWJGVNyQn7yLf+Ew=="
    },
    "ts": {
      "version": "0.0.0",
      "resolved": "https://registry.npmjs.org/ts/-/ts-0.0.0.tgz",
      "integrity": "sha512-vbXOvciZMgKrKHDVhYXc8X/jOwofDtRG0dB8Hf8GNawe3mmw+zgXZRjKpz89eJrZdPvM+uRM+WfCJf6KBsCfbQ==",
      "requires": {
        "span": "~0.0.5"
      }
    }
  }
}
